
Microsoft Visual Studio Solution File, Format Version 12.00
# Visual Studio Version 17
VisualStudioVersion = 17.4.33213.308
MinimumVisualStudioVersion = 10.0.40219.1
Project("{FAE04EC0-301F-11D3-BF4B-00C04F79EFBC}") = "BackendProje.Data", "BackendProje.Data\BackendProje.Data.csproj", "{6F55FDDE-4986-4D3F-8445-119081D1118B}"
EndProject
Project("{FAE04EC0-301F-11D3-BF4B-00C04F79EFBC}") = "BackendProje.Entity", "BackendProje.Entity\BackendProje.Entity.csproj", "{65429BF0-F31D-4215-91D1-A9453DE6FC6D}"
EndProject
Project("{FAE04EC0-301F-11D3-BF4B-00C04F79EFBC}") = "BackendProje.WebUI", "BackendProje.WebUI\BackendProje.WebUI.csproj", "{76739CB6-AF26-4795-AA5F-E3CD23E3AD14}"
EndProject
Global
	GlobalSection(SolutionConfigurationPlatforms) = preSolution
		Debug|Any CPU = Debug|Any CPU
		Release|Any CPU = Release|Any CPU
	EndGlobalSection
	GlobalSection(ProjectConfigurationPlatforms) = postSolution
		{6F55FDDE-4986-4D3F-8445-119081D1118B}.Debug|Any CPU.ActiveCfg = Debug|Any CPU
		{6F55FDDE-4986-4D3F-8445-119081D1118B}.Debug|Any CPU.Build.0 = Debug|Any CPU
		{6F55FDDE-4986-4D3F-8445-119081D1118B}.Release|Any CPU.ActiveCfg = Release|Any CPU
		{6F55FDDE-4986-4D3F-8445-119081D1118B}.Release|Any CPU.Build.0 = Release|Any CPU
		{65429BF0-F31D-4215-91D1-A9453DE6FC6D}.Debug|Any CPU.ActiveCfg = Debug|Any CPU
		{65429BF0-F31D-4215-91D1-A9453DE6FC6D}.Debug|Any CPU.Build.0 = Debug|Any CPU
		{65429BF0-F31D-4215-91D1-A9453DE6FC6D}.Release|Any CPU.ActiveCfg = Release|Any CPU
		{65429BF0-F31D-4215-91D1-A9453DE6FC6D}.Release|Any CPU.Build.0 = Release|Any CPU
		{76739CB6-AF26-4795-AA5F-E3CD23E3AD14}.Debug|Any CPU.ActiveCfg = Debug|Any CPU
		{76739CB6-AF26-4795-AA5F-E3CD23E3AD14}.Debug|Any CPU.Build.0 = Debug|Any CPU
		{76739CB6-AF26-4795-AA5F-E3CD23E3AD14}.Release|Any CPU.ActiveCfg = Release|Any CPU
		{76739CB6-AF26-4795-AA5F-E3CD23E3AD14}.Release|Any CPU.Build.0 = Release|Any CPU
	EndGlobalSection
	GlobalSection(SolutionProperties) = preSolution
		HideSolutionNode = FALSE
	EndGlobalSection
	GlobalSection(ExtensibilityGlobals) = postSolution
		SolutionGuid = {BB6ED79E-29AB-4477-B3BA-CD29CEB26C26}
	EndGlobalSection
EndGlobal
